{
  "name": "public",
  "lockfileVersion": 2,
  "requires": true,
  "packages": {
    "": {
      "dependencies": {
        "lucide": "^0.407.0"
      }
    },
    "node_modules/lucide": {
      "version": "0.407.0",
      "resolved": "https://registry.npmjs.org/lucide/-/lucide-0.407.0.tgz",
      "integrity": "sha512-bFgc12Dh+2AOa+rPCH3omxCtFW1eCEvsPqiwluHGGc/05pwL53EbdvU9Qz+2RcbjcaX6ZVnc4lTebUDWOGjiuw=="
    }
  },
  "dependencies": {
    "lucide": {
      "version": "0.407.0",
      "resolved": "https://registry.npmjs.org/lucide/-/lucide-0.407.0.tgz",
      "integrity": "sha512-bFgc12Dh+2AOa+rPCH3omxCtFW1eCEvsPqiwluHGGc/05pwL53EbdvU9Qz+2RcbjcaX6ZVnc4lTebUDWOGjiuw=="
    }
  }
}
